// !$*UTF8*$!
{
	archiveVersion = 1;
	classes = {
	};
	objectVersion = 46;
	objects = {

/* Begin PBXBuildFile section */
		4925A92F1AB07F9F00E98D66 /* Circuit.m in Sources */ = {isa = PBXBuildFile; fileRef = 4925A92E1AB07F9F00E98D66 /* Circuit.m */; };
		492A1D7B1AAF9B420038CF18 /* Alert.m in Sources */ = {isa = PBXBuildFile; fileRef = 492A1D7A1AAF9B420038CF18 /* Alert.m */; };
		494099701AAF6B5F006FA051 /* Container.m in Sources */ = {isa = PBXBuildFile; fileRef = 4940996F1AAF6B5F006FA051 /* Container.m */; };
		4963F3D91AB0A290001D192C /* .gitignore in Resources */ = {isa = PBXBuildFile; fileRef = 4963F3D81AB0A290001D192C /* .gitignore */; };
		4991AA021AAE5D7D0093C54E /* main.m in Sources */ = {isa = PBXBuildFile; fileRef = 4991AA011AAE5D7D0093C54E /* main.m */; };
		4991AA051AAE5D7D0093C54E /* AppDelegate.m in Sources */ = {isa = PBXBuildFile; fileRef = 4991AA041AAE5D7D0093C54E /* AppDelegate.m */; };
		4991AA0D1AAE5D7D0093C54E /* Images.xcassets in Resources */ = {isa = PBXBuildFile; fileRef = 4991AA0C1AAE5D7D0093C54E /* Images.xcassets */; };
		4991AA101AAE5D7D0093C54E /* LaunchScreen.xib in Resources */ = {isa = PBXBuildFile; fileRef = 4991AA0E1AAE5D7D0093C54E /* LaunchScreen.xib */; };
		4991AA1C1AAE5D7D0093C54E /* InoveaTests.m in Sources */ = {isa = PBXBuildFile; fileRef = 4991AA1B1AAE5D7D0093C54E /* InoveaTests.m */; };
/* End PBXBuildFile section */

/* Begin PBXContainerItemProxy section */
		4991AA161AAE5D7D0093C54E /* PBXContainerItemProxy */ = {
			isa = PBXContainerItemProxy;
			containerPortal = 4991A9F41AAE5D7D0093C54E /* Project object */;
			proxyType = 1;
			remoteGlobalIDString = 4991A9FB1AAE5D7D0093C54E;
			remoteInfo = Inovea;
		};
/* End PBXContainerItemProxy section */

/* Begin PBXFileReference section */
		4925A92D1AB07F9F00E98D66 /* Circuit.h */ = {isa = PBXFileReference; fileEncoding = 4; lastKnownFileType = sourcecode.c.h; name = Circuit.h; path = Classes/Circuit.h; sourceTree = "<group>"; };
		4925A92E1AB07F9F00E98D66 /* Circuit.m */ = {isa = PBXFileReference; fileEncoding = 4; lastKnownFileType = sourcecode.c.objc; name = Circuit.m; path = Classes/Circuit.m; sourceTree = "<group>"; };
		492A1D791AAF9B420038CF18 /* Alert.h */ = {isa = PBXFileReference; fileEncoding = 4; lastKnownFileType = sourcecode.c.h; name = Alert.h; path = Classes/Alert.h; sourceTree = "<group>"; };
		492A1D7A1AAF9B420038CF18 /* Alert.m */ = {isa = PBXFileReference; fileEncoding = 4; lastKnownFileType = sourcecode.c.objc; name = Alert.m; path = Classes/Alert.m; sourceTree = "<group>"; };
		4940996E1AAF6B5F006FA051 /* Container.h */ = {isa = PBXFileReference; fileEncoding = 4; lastKnownFileType = sourcecode.c.h; name = Container.h; path = Classes/Container.h; sourceTree = "<group>"; };
		4940996F1AAF6B5F006FA051 /* Container.m */ = {isa = PBXFileReference; fileEncoding = 4; lastKnownFileType = sourcecode.c.objc; name = Container.m; path = Classes/Container.m; sourceTree = "<group>"; };
		4963F3D81AB0A290001D192C /* .gitignore */ = {isa = PBXFileReference; fileEncoding = 4; lastKnownFileType = text; name = .gitignore; path = Inovea/.gitignore; sourceTree = "<group>"; };
		4991A9FC1AAE5D7D0093C54E /* Inovea.app */ = {isa = PBXFileReference; explicitFileType = wrapper.application; includeInIndex = 0; path = Inovea.app; sourceTree = BUILT_PRODUCTS_DIR; };
		4991AA001AAE5D7D0093C54E /* Info.plist */ = {isa = PBXFileReference; lastKnownFileType = text.plist.xml; path = Info.plist; sourceTree = "<group>"; };
		4991AA011AAE5D7D0093C54E /* main.m */ = {isa = PBXFileReference; lastKnownFileType = sourcecode.c.objc; path = main.m; sourceTree = "<group>"; };
		4991AA031AAE5D7D0093C54E /* AppDelegate.h */ = {isa = PBXFileReference; lastKnownFileType = sourcecode.c.h; path = AppDelegate.h; sourceTree = "<group>"; };
		4991AA041AAE5D7D0093C54E /* AppDelegate.m */ = {isa = PBXFileReference; lastKnownFileType = sourcecode.c.objc; path = AppDelegate.m; sourceTree = "<group>"; };
		4991AA0C1AAE5D7D0093C54E /* Images.xcassets */ = {isa = PBXFileReference; lastKnownFileType = folder.assetcatalog; path = Images.xcassets; sourceTree = "<group>"; };
		4991AA0F1AAE5D7D0093C54E /* Base */ = {isa = PBXFileReference; lastKnownFileType = file.xib; name = Base; path = Base.lproj/LaunchScreen.xib; sourceTree = "<group>"; };
		4991AA151AAE5D7D0093C54E /* InoveaTests.xctest */ = {isa = PBXFileReference; explicitFileType = wrapper.cfbundle; includeInIndex = 0; path = InoveaTests.xctest; sourceTree = BUILT_PRODUCTS_DIR; };
		4991AA1A1AAE5D7D0093C54E /* Info.plist */ = {isa = PBXFileReference; lastKnownFileType = text.plist.xml; path = Info.plist; sourceTree = "<group>"; };
		4991AA1B1AAE5D7D0093C54E /* InoveaTests.m */ = {isa = PBXFileReference; lastKnownFileType = sourcecode.c.objc; path = InoveaTests.m; sourceTree = "<group>"; };
/* End PBXFileReference section */

/* Begin PBXFrameworksBuildPhase section */
		4991A9F91AAE5D7D0093C54E /* Frameworks */ = {
			isa = PBXFrameworksBuildPhase;
			buildActionMask = 2147483647;
			files = (
			);
			runOnlyForDeploymentPostprocessing = 0;
		};
		4991AA121AAE5D7D0093C54E /* Frameworks */ = {
			isa = PBXFrameworksBuildPhase;
			buildActionMask = 2147483647;
			files = (
			);
			runOnlyForDeploymentPostprocessing = 0;
		};
/* End PBXFrameworksBuildPhase section */

/* Begin PBXGroup section */
		4940996D1AAF69B1006FA051 /* Classes */ = {
			isa = PBXGroup;
			children = (
				4940996E1AAF6B5F006FA051 /* Container.h */,
				4940996F1AAF6B5F006FA051 /* Container.m */,
				492A1D791AAF9B420038CF18 /* Alert.h */,
				492A1D7A1AAF9B420038CF18 /* Alert.m */,
				4925A92D1AB07F9F00E98D66 /* Circuit.h */,
				4925A92E1AB07F9F00E98D66 /* Circuit.m */,
			);
			name = Classes;
			sourceTree = "<group>";
		};
		4991A9F31AAE5D7D0093C54E = {
			isa = PBXGroup;
			children = (
				4963F3D81AB0A290001D192C /* .gitignore */,
				4991A9FE1AAE5D7D0093C54E /* Inovea */,
				4991AA181AAE5D7D0093C54E /* InoveaTests */,
				4991A9FD1AAE5D7D0093C54E /* Products */,
			);
			sourceTree = "<group>";
		};
		4991A9FD1AAE5D7D0093C54E /* Products */ = {
			isa = PBXGroup;
			children = (
				4991A9FC1AAE5D7D0093C54E /* Inovea.app */,
				4991AA151AAE5D7D0093C54E /* InoveaTests.xctest */,
			);
			name = Products;
			sourceTree = "<group>";
		};
		4991A9FE1AAE5D7D0093C54E /* Inovea */ = {
			isa = PBXGroup;
			children = (
				4940996D1AAF69B1006FA051 /* Classes */,
				4991AA031AAE5D7D0093C54E /* AppDelegate.h */,
				4991AA041AAE5D7D0093C54E /* AppDelegate.m */,
				4991AA0C1AAE5D7D0093C54E /* Images.xcassets */,
				4991AA0E1AAE5D7D0093C54E /* LaunchScreen.xib */,
				4991A9FF1AAE5D7D0093C54E /* Supporting Files */,
			);
			path = Inovea;
			sourceTree = "<group>";
		};
		4991A9FF1AAE5D7D0093C54E /* Supporting Files */ = {
			isa = PBXGroup;
			children = (
				4991AA001AAE5D7D0093C54E /* Info.plist */,
				4991AA011AAE5D7D0093C54E /* main.m */,
			);
			name = "Supporting Files";
			sourceTree = "<group>";
		};
		4991AA181AAE5D7D0093C54E /* InoveaTests */ = {
			isa = PBXGroup;
			children = (
				4991AA1B1AAE5D7D0093C54E /* InoveaTests.m */,
				4991AA191AAE5D7D0093C54E /* Supporting Files */,
			);
			path = InoveaTests;
			sourceTree = "<group>";
		};
		4991AA191AAE5D7D0093C54E /* Supporting Files */ = {
			isa = PBXGroup;
			children = (
				4991AA1A1AAE5D7D0093C54E /* Info.plist */,
			);
			name = "Supporting Files";
			sourceTree = "<group>";
		};
/* End PBXGroup section */

/* Begin PBXNativeTarget section */
		4991A9FB1AAE5D7D0093C54E /* Inovea */ = {
			isa = PBXNativeTarget;
			buildConfigurationList = 4991AA1F1AAE5D7D0093C54E /* Build configuration list for PBXNativeTarget "Inovea" */;
			buildPhases = (
				4991A9F81AAE5D7D0093C54E /* Sources */,
				4991A9F91AAE5D7D0093C54E /* Frameworks */,
				4991A9FA1AAE5D7D0093C54E /* Resources */,
			);
			buildRules = (
			);
			dependencies = (
			);
			name = Inovea;
			productName = Inovea;
			productReference = 4991A9FC1AAE5D7D0093C54E /* Inovea.app */;
			productType = "com.apple.product-type.application";
		};
		4991AA141AAE5D7D0093C54E /* InoveaTests */ = {
			isa = PBXNativeTarget;
			buildConfigurationList = 4991AA221AAE5D7D0093C54E /* Build configuration list for PBXNativeTarget "InoveaTests" */;
			buildPhases = (
				4991AA111AAE5D7D0093C54E /* Sources */,
				4991AA121AAE5D7D0093C54E /* Frameworks */,
				4991AA131AAE5D7D0093C54E /* Resources */,
			);
			buildRules = (
			);
			dependencies = (
				4991AA171AAE5D7D0093C54E /* PBXTargetDependency */,
			);
			name = InoveaTests;
			productName = InoveaTests;
			productReference = 4991AA151AAE5D7D0093C54E /* InoveaTests.xctest */;
			productType = "com.apple.product-type.bundle.unit-test";
		};
/* End PBXNativeTarget section */

/* Begin PBXProject section */
		4991A9F41AAE5D7D0093C54E /* Project object */ = {
			isa = PBXProject;
			attributes = {
				LastUpgradeCheck = 0610;
				ORGANIZATIONNAME = Inovea;
				TargetAttributes = {
					4991A9FB1AAE5D7D0093C54E = {
						CreatedOnToolsVersion = 6.1.1;
					};
					4991AA141AAE5D7D0093C54E = {
						CreatedOnToolsVersion = 6.1.1;
						TestTargetID = 4991A9FB1AAE5D7D0093C54E;
					};
				};
			};
			buildConfigurationList = 4991A9F71AAE5D7D0093C54E /* Build configuration list for PBXProject "Inovea" */;
			compatibilityVersion = "Xcode 3.2";
			developmentRegion = English;
			hasScannedForEncodings = 0;
			knownRegions = (
				en,
				Base,
			);
			mainGroup = 4991A9F31AAE5D7D0093C54E;
			productRefGroup = 4991A9FD1AAE5D7D0093C54E /* Products */;
			projectDirPath = "";
			projectRoot = "";
			targets = (
				4991A9FB1AAE5D7D0093C54E /* Inovea */,
				4991AA141AAE5D7D0093C54E /* InoveaTests */,
			);
		};
/* End PBXProject section */

/* Begin PBXResourcesBuildPhase section */
		4991A9FA1AAE5D7D0093C54E /* Resources */ = {
			isa = PBXResourcesBuildPhase;
			buildActionMask = 2147483647;
			files = (
				4991AA101AAE5D7D0093C54E /* LaunchScreen.xib in Resources */,
				4963F3D91AB0A290001D192C /* .gitignore in Resources */,
				4991AA0D1AAE5D7D0093C54E /* Images.xcassets in Resources */,
			);
			runOnlyForDeploymentPostprocessing = 0;
		};
		4991AA131AAE5D7D0093C54E /* Resources */ = {
			isa = PBXResourcesBuildPhase;
			buildActionMask = 2147483647;
			files = (
			);
			runOnlyForDeploymentPostprocessing = 0;
		};
/* End PBXResourcesBuildPhase section */

/* Begin PBXSourcesBuildPhase section */
		4991A9F81AAE5D7D0093C54E /* Sources */ = {
			isa = PBXSourcesBuildPhase;
			buildActionMask = 2147483647;
			files = (
				494099701AAF6B5F006FA051 /* Container.m in Sources */,
				4925A92F1AB07F9F00E98D66 /* Circuit.m in Sources */,
				4991AA051AAE5D7D0093C54E /* AppDelegate.m in Sources */,
				492A1D7B1AAF9B420038CF18 /* Alert.m in Sources */,
				4991AA021AAE5D7D0093C54E /* main.m in Sources */,
			);
			runOnlyForDeploymentPostprocessing = 0;
		};
		4991AA111AAE5D7D0093C54E /* Sources */ = {
			isa = PBXSourcesBuildPhase;
			buildActionMask = 2147483647;
			files = (
				4991AA1C1AAE5D7D0093C54E /* InoveaTests.m in Sources */,
			);
			runOnlyForDeploymentPostprocessing = 0;
		};
/* End PBXSourcesBuildPhase section */

/* Begin PBXTargetDependency section */
		4991AA171AAE5D7D0093C54E /* PBXTargetDependency */ = {
			isa = PBXTargetDependency;
			target = 4991A9FB1AAE5D7D0093C54E /* Inovea */;
			targetProxy = 4991AA161AAE5D7D0093C54E /* PBXContainerItemProxy */;
		};
/* End PBXTargetDependency section */

/* Begin PBXVariantGroup section */
		4991AA0E1AAE5D7D0093C54E /* LaunchScreen.xib */ = {
			isa = PBXVariantGroup;
			children = (
				4991AA0F1AAE5D7D0093C54E /* Base */,
			);
			name = LaunchScreen.xib;
			sourceTree = "<group>";
		};
/* End PBXVariantGroup section */

/* Begin XCBuildConfiguration section */
		4991AA1D1AAE5D7D0093C54E /* Debug */ = {
			isa = XCBuildConfiguration;
			buildSettings = {
				ALWAYS_SEARCH_USER_PATHS = NO;
				CLANG_CXX_LANGUAGE_STANDARD = "gnu++0x";
				CLANG_CXX_LIBRARY = "libc++";
				CLANG_ENABLE_MODULES = YES;
				CLANG_ENABLE_OBJC_ARC = YES;
				CLANG_WARN_BOOL_CONVERSION = YES;
				CLANG_WARN_CONSTANT_CONVERSION = YES;
				CLANG_WARN_DIRECT_OBJC_ISA_USAGE = YES_ERROR;
				CLANG_WARN_EMPTY_BODY = YES;
				CLANG_WARN_ENUM_CONVERSION = YES;
				CLANG_WARN_INT_CONVERSION = YES;
				CLANG_WARN_OBJC_ROOT_CLASS = YES_ERROR;
				CLANG_WARN_UNREACHABLE_CODE = YES;
				CLANG_WARN__DUPLICATE_METHOD_MATCH = YES;
				"CODE_SIGN_IDENTITY[sdk=iphoneos*]" = "iPhone Developer";
				COPY_PHASE_STRIP = NO;
				ENABLE_STRICT_OBJC_MSGSEND = YES;
				GCC_C_LANGUAGE_STANDARD = gnu99;
				GCC_DYNAMIC_NO_PIC = NO;
				GCC_OPTIMIZATION_LEVEL = 0;
				GCC_PREPROCESSOR_DEFINITIONS = (
					"DEBUG=1",
					"$(inherited)",
				);
				GCC_SYMBOLS_PRIVATE_EXTERN = NO;
				GCC_WARN_64_TO_32_BIT_CONVERSION = YES;
				GCC_WARN_ABOUT_RETURN_TYPE = YES_ERROR;
				GCC_WARN_UNDECLARED_SELECTOR = YES;
				GCC_WARN_UNINITIALIZED_AUTOS = YES_AGGRESSIVE;
				GCC_WARN_UNUSED_FUNCTION = YES;
				GCC_WARN_UNUSED_VARIABLE = YES;
				IPHONEOS_DEPLOYMENT_TARGET = 8.1;
				MTL_ENABLE_DEBUG_INFO = YES;
				ONLY_ACTIVE_ARCH = YES;
				SDKROOT = iphoneos;
				TARGETED_DEVICE_FAMILY = "1,2";
			};
			name = Debug;
		};
		4991AA1E1AAE5D7D0093C54E /* Release */ = {
			isa = XCBuildConfiguration;
			buildSettings = {
				ALWAYS_SEARCH_USER_PATHS = NO;
				CLANG_CXX_LANGUAGE_STANDARD = "gnu++0x";
				CLANG_CXX_LIBRARY = "libc++";
				CLANG_ENABLE_MODULES = YES;
				CLANG_ENABLE_OBJC_ARC = YES;
				CLANG_WARN_BOOL_CONVERSION = YES;
				CLANG_WARN_CONSTANT_CONVERSION = YES;
				CLANG_WARN_DIRECT_OBJC_ISA_USAGE = YES_ERROR;
				CLANG_WARN_EMPTY_BODY = YES;
				CLANG_WARN_ENUM_CONVERSION = YES;
				CLANG_WARN_INT_CONVERSION = YES;
				CLANG_WARN_OBJC_ROOT_CLASS = YES_ERROR;
				CLANG_WARN_UNREACHABLE_CODE = YES;
				CLANG_WARN__DUPLICATE_METHOD_MATCH = YES;
				"CODE_SIGN_IDENTITY[sdk=iphoneos*]" = "iPhone Developer";
				COPY_PHASE_STRIP = YES;
				ENABLE_NS_ASSERTIONS = NO;
				ENABLE_STRICT_OBJC_MSGSEND = YES;
				GCC_C_LANGUAGE_STANDARD = gnu99;
				GCC_WARN_64_TO_32_BIT_CONVERSION = YES;
				GCC_WARN_ABOUT_RETURN_TYPE = YES_ERROR;
				GCC_WARN_UNDECLARED_SELECTOR = YES;
				GCC_WARN_UNINITIALIZED_AUTOS = YES_AGGRESSIVE;
				GCC_WARN_UNUSED_FUNCTION = YES;
				GCC_WARN_UNUSED_VARIABLE = YES;
				IPHONEOS_DEPLOYMENT_TARGET = 8.1;
				MTL_ENABLE_DEBUG_INFO = NO;
				SDKROOT = iphoneos;
				TARGETED_DEVICE_FAMILY = "1,2";
				VALIDATE_PRODUCT = YES;
			};
			name = Release;
		};
		4991AA201AAE5D7D0093C54E /* Debug */ = {
			isa = XCBuildConfiguration;
			buildSettings = {
				ASSETCATALOG_COMPILER_APPICON_NAME = AppIcon;
				INFOPLIST_FILE = Inovea/Info.plist;
				LD_RUNPATH_SEARCH_PATHS = "$(inherited) @executable_path/Frameworks";
				PRODUCT_NAME = "$(TARGET_NAME)";
			};
			name = Debug;
		};
		4991AA211AAE5D7D0093C54E /* Release */ = {
			isa = XCBuildConfiguration;
			buildSettings = {
				ASSETCATALOG_COMPILER_APPICON_NAME = AppIcon;
				INFOPLIST_FILE = Inovea/Info.plist;
				LD_RUNPATH_SEARCH_PATHS = "$(inherited) @executable_path/Frameworks";
				PRODUCT_NAME = "$(TARGET_NAME)";
			};
			name = Release;
		};
		4991AA231AAE5D7D0093C54E /* Debug */ = {
			isa = XCBuildConfiguration;
			buildSettings = {
				BUNDLE_LOADER = "$(TEST_HOST)";
				FRAMEWORK_SEARCH_PATHS = (
					"$(SDKROOT)/Developer/Library/Frameworks",
					"$(inherited)",
				);
				GCC_PREPROCESSOR_DEFINITIONS = (
					"DEBUG=1",
					"$(inherited)",
				);
				INFOPLIST_FILE = InoveaTests/Info.plist;
				LD_RUNPATH_SEARCH_PATHS = "$(inherited) @executable_path/Frameworks @loader_path/Frameworks";
				PRODUCT_NAME = "$(TARGET_NAME)";
				TEST_HOST = "$(BUILT_PRODUCTS_DIR)/Inovea.app/Inovea";
			};
			name = Debug;
		};
		4991AA241AAE5D7D0093C54E /* Release */ = {
			isa = XCBuildConfiguration;
			buildSettings = {
				BUNDLE_LOADER = "$(TEST_HOST)";
				FRAMEWORK_SEARCH_PATHS = (
					"$(SDKROOT)/Developer/Library/Frameworks",
					"$(inherited)",
				);
				INFOPLIST_FILE = InoveaTests/Info.plist;
				LD_RUNPATH_SEARCH_PATHS = "$(inherited) @executable_path/Frameworks @loader_path/Frameworks";
				PRODUCT_NAME = "$(TARGET_NAME)";
				TEST_HOST = "$(BUILT_PRODUCTS_DIR)/Inovea.app/Inovea";
			};
			name = Release;
		};
/* End XCBuildConfiguration section */

/* Begin XCConfigurationList section */
		4991A9F71AAE5D7D0093C54E /* Build configuration list for PBXProject "Inovea" */ = {
			isa = XCConfigurationList;
			buildConfigurations = (
				4991AA1D1AAE5D7D0093C54E /* Debug */,
				4991AA1E1AAE5D7D0093C54E /* Release */,
			);
			defaultConfigurationIsVisible = 0;
			defaultConfigurationName = Release;
		};
		4991AA1F1AAE5D7D0093C54E /* Build configuration list for PBXNativeTarget "Inovea" */ = {
			isa = XCConfigurationList;
			buildConfigurations = (
				4991AA201AAE5D7D0093C54E /* Debug */,
				4991AA211AAE5D7D0093C54E /* Release */,
			);
			defaultConfigurationIsVisible = 0;
			defaultConfigurationName = Release;
		};
		4991AA221AAE5D7D0093C54E /* Build configuration list for PBXNativeTarget "InoveaTests" */ = {
			isa = XCConfigurationList;
			buildConfigurations = (
				4991AA231AAE5D7D0093C54E /* Debug */,
				4991AA241AAE5D7D0093C54E /* Release */,
			);
			defaultConfigurationIsVisible = 0;
			defaultConfigurationName = Release;
		};
/* End XCConfigurationList section */
	};
	rootObject = 4991A9F41AAE5D7D0093C54E /* Project object */;
}
