// !$*UTF8*$!
{
	archiveVersion = 1;
	classes = {
	};
	objectVersion = 46;
	objects = {

/* Begin PBXBuildFile section */
		4925A92F1AB07F9F00E98D66 /* Errand.m in Sources */ = {isa = PBXBuildFile; fileRef = 4925A92E1AB07F9F00E98D66 /* Errand.m */; };
		492A1D7B1AAF9B420038CF18 /* Alert.m in Sources */ = {isa = PBXBuildFile; fileRef = 492A1D7A1AAF9B420038CF18 /* Alert.m */; };
		492A800D1AF3FC940078F481 /* AppDelegate.m in Sources */ = {isa = PBXBuildFile; fileRef = 492A7FF81AF3FC940078F481 /* AppDelegate.m */; };
		492A800E1AF3FC940078F481 /* HomeViewController.m in Sources */ = {isa = PBXBuildFile; fileRef = 492A7FFA1AF3FC940078F481 /* HomeViewController.m */; };
		492A800F1AF3FC940078F481 /* HomeViewController.xib in Resources */ = {isa = PBXBuildFile; fileRef = 492A7FFB1AF3FC940078F481 /* HomeViewController.xib */; };
		492A80111AF3FC940078F481 /* LostPasswordViewController.m in Sources */ = {isa = PBXBuildFile; fileRef = 492A7FFE1AF3FC940078F481 /* LostPasswordViewController.m */; };
		492A80121AF3FC940078F481 /* LostPasswordViewController.xib in Resources */ = {isa = PBXBuildFile; fileRef = 492A7FFF1AF3FC940078F481 /* LostPasswordViewController.xib */; };
		492A80141AF3FC940078F481 /* MenuViewController.m in Sources */ = {isa = PBXBuildFile; fileRef = 492A80021AF3FC940078F481 /* MenuViewController.m */; };
		492A80151AF3FC940078F481 /* MenuViewController.xib in Resources */ = {isa = PBXBuildFile; fileRef = 492A80031AF3FC940078F481 /* MenuViewController.xib */; };
		492A80161AF3FC940078F481 /* ParametersViewController.m in Sources */ = {isa = PBXBuildFile; fileRef = 492A80051AF3FC940078F481 /* ParametersViewController.m */; };
		492A80171AF3FC940078F481 /* ParametersViewController.xib in Resources */ = {isa = PBXBuildFile; fileRef = 492A80061AF3FC940078F481 /* ParametersViewController.xib */; };
		492A80181AF3FC940078F481 /* TrajetsAttenteViewController.m in Sources */ = {isa = PBXBuildFile; fileRef = 492A80081AF3FC940078F481 /* TrajetsAttenteViewController.m */; };
		492A80191AF3FC940078F481 /* TrajetsAttenteViewController.xib in Resources */ = {isa = PBXBuildFile; fileRef = 492A80091AF3FC940078F481 /* TrajetsAttenteViewController.xib */; };
		492A801A1AF3FC940078F481 /* TrajetsFinisViewController.m in Sources */ = {isa = PBXBuildFile; fileRef = 492A800B1AF3FC940078F481 /* TrajetsFinisViewController.m */; };
		492A801B1AF3FC940078F481 /* TrajetsFinisViewController.xib in Resources */ = {isa = PBXBuildFile; fileRef = 492A800C1AF3FC940078F481 /* TrajetsFinisViewController.xib */; };
		492A80331AF401F40078F481 /* Connexion.m in Sources */ = {isa = PBXBuildFile; fileRef = 492A80321AF401F40078F481 /* Connexion.m */; };
		494099701AAF6B5F006FA051 /* Container.m in Sources */ = {isa = PBXBuildFile; fileRef = 4940996F1AAF6B5F006FA051 /* Container.m */; };
		494C77BF1AB18BBE00194A63 /* Steed.m in Sources */ = {isa = PBXBuildFile; fileRef = 494C77BE1AB18BBE00194A63 /* Steed.m */; };
		4953D0901AF4152500BC1AFA /* logo.png in Resources */ = {isa = PBXBuildFile; fileRef = 4953D08A1AF4152500BC1AFA /* logo.png */; };
		4953D0931AF4152500BC1AFA /* textFieldFocused.png in Resources */ = {isa = PBXBuildFile; fileRef = 4953D08D1AF4152500BC1AFA /* textFieldFocused.png */; };
		4953D0941AF4152500BC1AFA /* textFieldUnfocused.png in Resources */ = {isa = PBXBuildFile; fileRef = 4953D08E1AF4152500BC1AFA /* textFieldUnfocused.png */; };
		4953D09F1AF41F8500BC1AFA /* icon_1-1.png in Resources */ = {isa = PBXBuildFile; fileRef = 4953D09C1AF41F8500BC1AFA /* icon_1-1.png */; };
		4953D0A01AF41F8500BC1AFA /* icon_2-1.png in Resources */ = {isa = PBXBuildFile; fileRef = 4953D09D1AF41F8500BC1AFA /* icon_2-1.png */; };
		4953D0A11AF41F8500BC1AFA /* icon_3-1.png in Resources */ = {isa = PBXBuildFile; fileRef = 4953D09E1AF41F8500BC1AFA /* icon_3-1.png */; };
		49804CF91AFE1A6A003B7CB0 /* DetailsViewController.m in Sources */ = {isa = PBXBuildFile; fileRef = 49804CF71AFE1A6A003B7CB0 /* DetailsViewController.m */; };
		49804CFA1AFE1A6A003B7CB0 /* DetailsViewController.xib in Resources */ = {isa = PBXBuildFile; fileRef = 49804CF81AFE1A6A003B7CB0 /* DetailsViewController.xib */; };
		49804CFE1AFE58B4003B7CB0 /* ContainersListViewController.m in Sources */ = {isa = PBXBuildFile; fileRef = 49804CFC1AFE58B4003B7CB0 /* ContainersListViewController.m */; };
		49804CFF1AFE58B4003B7CB0 /* ContainersListViewController.xib in Resources */ = {isa = PBXBuildFile; fileRef = 49804CFD1AFE58B4003B7CB0 /* ContainersListViewController.xib */; };
		4984611B1AF8F10B00AB7AE9 /* WebService.m in Sources */ = {isa = PBXBuildFile; fileRef = 4984611A1AF8F10B00AB7AE9 /* WebService.m */; };
		4991AA021AAE5D7D0093C54E /* main.m in Sources */ = {isa = PBXBuildFile; fileRef = 4991AA011AAE5D7D0093C54E /* main.m */; };
		4991AA0D1AAE5D7D0093C54E /* Images.xcassets in Resources */ = {isa = PBXBuildFile; fileRef = 4991AA0C1AAE5D7D0093C54E /* Images.xcassets */; };
		4991AA101AAE5D7D0093C54E /* LaunchScreen.xib in Resources */ = {isa = PBXBuildFile; fileRef = 4991AA0E1AAE5D7D0093C54E /* LaunchScreen.xib */; };
		4991AA1C1AAE5D7D0093C54E /* InoveaTests.m in Sources */ = {isa = PBXBuildFile; fileRef = 4991AA1B1AAE5D7D0093C54E /* InoveaTests.m */; };
		49A583B81AF64387001E8C72 /* ChangePasswordViewController.m in Sources */ = {isa = PBXBuildFile; fileRef = 49A583B61AF64387001E8C72 /* ChangePasswordViewController.m */; };
		49A583B91AF64387001E8C72 /* ChangePasswordViewController.xib in Resources */ = {isa = PBXBuildFile; fileRef = 49A583B71AF64387001E8C72 /* ChangePasswordViewController.xib */; };
		49F57B2A1AF9257C00228AAC /* WSErrand.m in Sources */ = {isa = PBXBuildFile; fileRef = 49F57B291AF9257C00228AAC /* WSErrand.m */; };
/* End PBXBuildFile section */

/* Begin PBXContainerItemProxy section */
		4991AA161AAE5D7D0093C54E /* PBXContainerItemProxy */ = {
			isa = PBXContainerItemProxy;
			containerPortal = 4991A9F41AAE5D7D0093C54E /* Project object */;
			proxyType = 1;
			remoteGlobalIDString = 4991A9FB1AAE5D7D0093C54E;
			remoteInfo = Inovea;
		};
/* End PBXContainerItemProxy section */

/* Begin PBXFileReference section */
		4925A92D1AB07F9F00E98D66 /* Errand.h */ = {isa = PBXFileReference; fileEncoding = 4; lastKnownFileType = sourcecode.c.h; name = Errand.h; path = Classes/Errand.h; sourceTree = "<group>"; };
		4925A92E1AB07F9F00E98D66 /* Errand.m */ = {isa = PBXFileReference; fileEncoding = 4; lastKnownFileType = sourcecode.c.objc; name = Errand.m; path = Classes/Errand.m; sourceTree = "<group>"; };
		492A1D791AAF9B420038CF18 /* Alert.h */ = {isa = PBXFileReference; fileEncoding = 4; lastKnownFileType = sourcecode.c.h; name = Alert.h; path = Classes/Alert.h; sourceTree = "<group>"; };
		492A1D7A1AAF9B420038CF18 /* Alert.m */ = {isa = PBXFileReference; fileEncoding = 4; lastKnownFileType = sourcecode.c.objc; name = Alert.m; path = Classes/Alert.m; sourceTree = "<group>"; };
		492A7FF71AF3FC940078F481 /* AppDelegate.h */ = {isa = PBXFileReference; fileEncoding = 4; lastKnownFileType = sourcecode.c.h; name = AppDelegate.h; path = Views/AppDelegate.h; sourceTree = "<group>"; };
		492A7FF81AF3FC940078F481 /* AppDelegate.m */ = {isa = PBXFileReference; fileEncoding = 4; lastKnownFileType = sourcecode.c.objc; name = AppDelegate.m; path = Views/AppDelegate.m; sourceTree = "<group>"; };
		492A7FF91AF3FC940078F481 /* HomeViewController.h */ = {isa = PBXFileReference; fileEncoding = 4; lastKnownFileType = sourcecode.c.h; name = HomeViewController.h; path = Views/HomeViewController.h; sourceTree = "<group>"; };
		492A7FFA1AF3FC940078F481 /* HomeViewController.m */ = {isa = PBXFileReference; fileEncoding = 4; lastKnownFileType = sourcecode.c.objc; name = HomeViewController.m; path = Views/HomeViewController.m; sourceTree = "<group>"; };
		492A7FFB1AF3FC940078F481 /* HomeViewController.xib */ = {isa = PBXFileReference; fileEncoding = 4; lastKnownFileType = file.xib; name = HomeViewController.xib; path = Views/HomeViewController.xib; sourceTree = "<group>"; };
		492A7FFD1AF3FC940078F481 /* LostPasswordViewController.h */ = {isa = PBXFileReference; fileEncoding = 4; lastKnownFileType = sourcecode.c.h; name = LostPasswordViewController.h; path = Views/LostPasswordViewController.h; sourceTree = "<group>"; };
		492A7FFE1AF3FC940078F481 /* LostPasswordViewController.m */ = {isa = PBXFileReference; fileEncoding = 4; lastKnownFileType = sourcecode.c.objc; name = LostPasswordViewController.m; path = Views/LostPasswordViewController.m; sourceTree = "<group>"; };
		492A7FFF1AF3FC940078F481 /* LostPasswordViewController.xib */ = {isa = PBXFileReference; fileEncoding = 4; lastKnownFileType = file.xib; name = LostPasswordViewController.xib; path = Views/LostPasswordViewController.xib; sourceTree = "<group>"; };
		492A80011AF3FC940078F481 /* MenuViewController.h */ = {isa = PBXFileReference; fileEncoding = 4; lastKnownFileType = sourcecode.c.h; name = MenuViewController.h; path = Views/MenuViewController.h; sourceTree = "<group>"; };
		492A80021AF3FC940078F481 /* MenuViewController.m */ = {isa = PBXFileReference; fileEncoding = 4; lastKnownFileType = sourcecode.c.objc; name = MenuViewController.m; path = Views/MenuViewController.m; sourceTree = "<group>"; };
		492A80031AF3FC940078F481 /* MenuViewController.xib */ = {isa = PBXFileReference; fileEncoding = 4; lastKnownFileType = file.xib; name = MenuViewController.xib; path = Views/MenuViewController.xib; sourceTree = "<group>"; };
		492A80041AF3FC940078F481 /* ParametersViewController.h */ = {isa = PBXFileReference; fileEncoding = 4; lastKnownFileType = sourcecode.c.h; name = ParametersViewController.h; path = Views/ParametersViewController.h; sourceTree = "<group>"; };
		492A80051AF3FC940078F481 /* ParametersViewController.m */ = {isa = PBXFileReference; fileEncoding = 4; lastKnownFileType = sourcecode.c.objc; name = ParametersViewController.m; path = Views/ParametersViewController.m; sourceTree = "<group>"; };
		492A80061AF3FC940078F481 /* ParametersViewController.xib */ = {isa = PBXFileReference; fileEncoding = 4; lastKnownFileType = file.xib; name = ParametersViewController.xib; path = Views/ParametersViewController.xib; sourceTree = "<group>"; };
		492A80071AF3FC940078F481 /* TrajetsAttenteViewController.h */ = {isa = PBXFileReference; fileEncoding = 4; lastKnownFileType = sourcecode.c.h; name = TrajetsAttenteViewController.h; path = Views/TrajetsAttenteViewController.h; sourceTree = "<group>"; };
		492A80081AF3FC940078F481 /* TrajetsAttenteViewController.m */ = {isa = PBXFileReference; fileEncoding = 4; lastKnownFileType = sourcecode.c.objc; name = TrajetsAttenteViewController.m; path = Views/TrajetsAttenteViewController.m; sourceTree = "<group>"; };
		492A80091AF3FC940078F481 /* TrajetsAttenteViewController.xib */ = {isa = PBXFileReference; fileEncoding = 4; lastKnownFileType = file.xib; name = TrajetsAttenteViewController.xib; path = Views/TrajetsAttenteViewController.xib; sourceTree = "<group>"; };
		492A800A1AF3FC940078F481 /* TrajetsFinisViewController.h */ = {isa = PBXFileReference; fileEncoding = 4; lastKnownFileType = sourcecode.c.h; name = TrajetsFinisViewController.h; path = Views/TrajetsFinisViewController.h; sourceTree = "<group>"; };
		492A800B1AF3FC940078F481 /* TrajetsFinisViewController.m */ = {isa = PBXFileReference; fileEncoding = 4; lastKnownFileType = sourcecode.c.objc; name = TrajetsFinisViewController.m; path = Views/TrajetsFinisViewController.m; sourceTree = "<group>"; };
		492A800C1AF3FC940078F481 /* TrajetsFinisViewController.xib */ = {isa = PBXFileReference; fileEncoding = 4; lastKnownFileType = file.xib; name = TrajetsFinisViewController.xib; path = Views/TrajetsFinisViewController.xib; sourceTree = "<group>"; };
		492A80311AF401F40078F481 /* Connexion.h */ = {isa = PBXFileReference; fileEncoding = 4; lastKnownFileType = sourcecode.c.h; name = Connexion.h; path = WebServices/Connexion.h; sourceTree = "<group>"; };
		492A80321AF401F40078F481 /* Connexion.m */ = {isa = PBXFileReference; fileEncoding = 4; lastKnownFileType = sourcecode.c.objc; name = Connexion.m; path = WebServices/Connexion.m; sourceTree = "<group>"; };
		4940996E1AAF6B5F006FA051 /* Container.h */ = {isa = PBXFileReference; fileEncoding = 4; lastKnownFileType = sourcecode.c.h; name = Container.h; path = Classes/Container.h; sourceTree = "<group>"; };
		4940996F1AAF6B5F006FA051 /* Container.m */ = {isa = PBXFileReference; fileEncoding = 4; lastKnownFileType = sourcecode.c.objc; name = Container.m; path = Classes/Container.m; sourceTree = "<group>"; };
		494C77BD1AB18BBE00194A63 /* Steed.h */ = {isa = PBXFileReference; fileEncoding = 4; lastKnownFileType = sourcecode.c.h; name = Steed.h; path = Classes/Steed.h; sourceTree = "<group>"; };
		494C77BE1AB18BBE00194A63 /* Steed.m */ = {isa = PBXFileReference; fileEncoding = 4; lastKnownFileType = sourcecode.c.objc; name = Steed.m; path = Classes/Steed.m; sourceTree = "<group>"; };
		4953D08A1AF4152500BC1AFA /* logo.png */ = {isa = PBXFileReference; lastKnownFileType = image.png; name = logo.png; path = Images/logo.png; sourceTree = "<group>"; };
		4953D08D1AF4152500BC1AFA /* textFieldFocused.png */ = {isa = PBXFileReference; lastKnownFileType = image.png; name = textFieldFocused.png; path = Images/textFieldFocused.png; sourceTree = "<group>"; };
		4953D08E1AF4152500BC1AFA /* textFieldUnfocused.png */ = {isa = PBXFileReference; lastKnownFileType = image.png; name = textFieldUnfocused.png; path = Images/textFieldUnfocused.png; sourceTree = "<group>"; };
		4953D09C1AF41F8500BC1AFA /* icon_1-1.png */ = {isa = PBXFileReference; lastKnownFileType = image.png; name = "icon_1-1.png"; path = "Images/icon_1-1.png"; sourceTree = "<group>"; };
		4953D09D1AF41F8500BC1AFA /* icon_2-1.png */ = {isa = PBXFileReference; lastKnownFileType = image.png; name = "icon_2-1.png"; path = "Images/icon_2-1.png"; sourceTree = "<group>"; };
		4953D09E1AF41F8500BC1AFA /* icon_3-1.png */ = {isa = PBXFileReference; lastKnownFileType = image.png; name = "icon_3-1.png"; path = "Images/icon_3-1.png"; sourceTree = "<group>"; };
		49804CF61AFE1A6A003B7CB0 /* DetailsViewController.h */ = {isa = PBXFileReference; fileEncoding = 4; lastKnownFileType = sourcecode.c.h; name = DetailsViewController.h; path = Views/DetailsViewController.h; sourceTree = "<group>"; };
		49804CF71AFE1A6A003B7CB0 /* DetailsViewController.m */ = {isa = PBXFileReference; fileEncoding = 4; lastKnownFileType = sourcecode.c.objc; name = DetailsViewController.m; path = Views/DetailsViewController.m; sourceTree = "<group>"; };
		49804CF81AFE1A6A003B7CB0 /* DetailsViewController.xib */ = {isa = PBXFileReference; fileEncoding = 4; lastKnownFileType = file.xib; name = DetailsViewController.xib; path = Views/DetailsViewController.xib; sourceTree = "<group>"; };
		49804CFB1AFE58B4003B7CB0 /* ContainersListViewController.h */ = {isa = PBXFileReference; fileEncoding = 4; lastKnownFileType = sourcecode.c.h; name = ContainersListViewController.h; path = Views/ContainersListViewController.h; sourceTree = "<group>"; };
		49804CFC1AFE58B4003B7CB0 /* ContainersListViewController.m */ = {isa = PBXFileReference; fileEncoding = 4; lastKnownFileType = sourcecode.c.objc; name = ContainersListViewController.m; path = Views/ContainersListViewController.m; sourceTree = "<group>"; };
		49804CFD1AFE58B4003B7CB0 /* ContainersListViewController.xib */ = {isa = PBXFileReference; fileEncoding = 4; lastKnownFileType = file.xib; name = ContainersListViewController.xib; path = Views/ContainersListViewController.xib; sourceTree = "<group>"; };
		498461191AF8F10B00AB7AE9 /* WebService.h */ = {isa = PBXFileReference; fileEncoding = 4; lastKnownFileType = sourcecode.c.h; name = WebService.h; path = WebServices/WebService.h; sourceTree = "<group>"; };
		4984611A1AF8F10B00AB7AE9 /* WebService.m */ = {isa = PBXFileReference; fileEncoding = 4; lastKnownFileType = sourcecode.c.objc; name = WebService.m; path = WebServices/WebService.m; sourceTree = "<group>"; };
		4991A9FC1AAE5D7D0093C54E /* Inovea.app */ = {isa = PBXFileReference; explicitFileType = wrapper.application; includeInIndex = 0; path = Inovea.app; sourceTree = BUILT_PRODUCTS_DIR; };
		4991AA001AAE5D7D0093C54E /* Info.plist */ = {isa = PBXFileReference; lastKnownFileType = text.plist.xml; path = Info.plist; sourceTree = "<group>"; };
		4991AA011AAE5D7D0093C54E /* main.m */ = {isa = PBXFileReference; lastKnownFileType = sourcecode.c.objc; path = main.m; sourceTree = "<group>"; };
		4991AA0C1AAE5D7D0093C54E /* Images.xcassets */ = {isa = PBXFileReference; lastKnownFileType = folder.assetcatalog; path = Images.xcassets; sourceTree = "<group>"; };
		4991AA0F1AAE5D7D0093C54E /* Base */ = {isa = PBXFileReference; lastKnownFileType = file.xib; name = Base; path = Base.lproj/LaunchScreen.xib; sourceTree = "<group>"; };
		4991AA151AAE5D7D0093C54E /* InoveaTests.xctest */ = {isa = PBXFileReference; explicitFileType = wrapper.cfbundle; includeInIndex = 0; path = InoveaTests.xctest; sourceTree = BUILT_PRODUCTS_DIR; };
		4991AA1A1AAE5D7D0093C54E /* Info.plist */ = {isa = PBXFileReference; lastKnownFileType = text.plist.xml; path = Info.plist; sourceTree = "<group>"; };
		4991AA1B1AAE5D7D0093C54E /* InoveaTests.m */ = {isa = PBXFileReference; lastKnownFileType = sourcecode.c.objc; path = InoveaTests.m; sourceTree = "<group>"; };
		49A583B51AF64387001E8C72 /* ChangePasswordViewController.h */ = {isa = PBXFileReference; fileEncoding = 4; lastKnownFileType = sourcecode.c.h; name = ChangePasswordViewController.h; path = Views/ChangePasswordViewController.h; sourceTree = "<group>"; };
		49A583B61AF64387001E8C72 /* ChangePasswordViewController.m */ = {isa = PBXFileReference; fileEncoding = 4; lastKnownFileType = sourcecode.c.objc; name = ChangePasswordViewController.m; path = Views/ChangePasswordViewController.m; sourceTree = "<group>"; };
		49A583B71AF64387001E8C72 /* ChangePasswordViewController.xib */ = {isa = PBXFileReference; fileEncoding = 4; lastKnownFileType = file.xib; name = ChangePasswordViewController.xib; path = Views/ChangePasswordViewController.xib; sourceTree = "<group>"; };
		49F57B281AF9257C00228AAC /* WSErrand.h */ = {isa = PBXFileReference; fileEncoding = 4; lastKnownFileType = sourcecode.c.h; name = WSErrand.h; path = WebServices/WSErrand.h; sourceTree = "<group>"; };
		49F57B291AF9257C00228AAC /* WSErrand.m */ = {isa = PBXFileReference; fileEncoding = 4; lastKnownFileType = sourcecode.c.objc; name = WSErrand.m; path = WebServices/WSErrand.m; sourceTree = "<group>"; };
/* End PBXFileReference section */

/* Begin PBXFrameworksBuildPhase section */
		4991A9F91AAE5D7D0093C54E /* Frameworks */ = {
			isa = PBXFrameworksBuildPhase;
			buildActionMask = 2147483647;
			files = (
			);
			runOnlyForDeploymentPostprocessing = 0;
		};
		4991AA121AAE5D7D0093C54E /* Frameworks */ = {
			isa = PBXFrameworksBuildPhase;
			buildActionMask = 2147483647;
			files = (
			);
			runOnlyForDeploymentPostprocessing = 0;
		};
/* End PBXFrameworksBuildPhase section */

/* Begin PBXGroup section */
		492A7FF61AF3FC820078F481 /* Views */ = {
			isa = PBXGroup;
			children = (
				492A7FF71AF3FC940078F481 /* AppDelegate.h */,
				492A7FF81AF3FC940078F481 /* AppDelegate.m */,
				492A7FF91AF3FC940078F481 /* HomeViewController.h */,
				492A7FFA1AF3FC940078F481 /* HomeViewController.m */,
				492A7FFB1AF3FC940078F481 /* HomeViewController.xib */,
				492A7FFD1AF3FC940078F481 /* LostPasswordViewController.h */,
				492A7FFE1AF3FC940078F481 /* LostPasswordViewController.m */,
				492A7FFF1AF3FC940078F481 /* LostPasswordViewController.xib */,
				492A80011AF3FC940078F481 /* MenuViewController.h */,
				492A80021AF3FC940078F481 /* MenuViewController.m */,
				492A80031AF3FC940078F481 /* MenuViewController.xib */,
				492A80041AF3FC940078F481 /* ParametersViewController.h */,
				492A80051AF3FC940078F481 /* ParametersViewController.m */,
				492A80061AF3FC940078F481 /* ParametersViewController.xib */,
				492A80071AF3FC940078F481 /* TrajetsAttenteViewController.h */,
				492A80081AF3FC940078F481 /* TrajetsAttenteViewController.m */,
				492A80091AF3FC940078F481 /* TrajetsAttenteViewController.xib */,
				492A800A1AF3FC940078F481 /* TrajetsFinisViewController.h */,
				492A800B1AF3FC940078F481 /* TrajetsFinisViewController.m */,
				492A800C1AF3FC940078F481 /* TrajetsFinisViewController.xib */,
				49A583B51AF64387001E8C72 /* ChangePasswordViewController.h */,
				49A583B61AF64387001E8C72 /* ChangePasswordViewController.m */,
				49A583B71AF64387001E8C72 /* ChangePasswordViewController.xib */,
				49804CF61AFE1A6A003B7CB0 /* DetailsViewController.h */,
				49804CF71AFE1A6A003B7CB0 /* DetailsViewController.m */,
				49804CF81AFE1A6A003B7CB0 /* DetailsViewController.xib */,
				49804CFB1AFE58B4003B7CB0 /* ContainersListViewController.h */,
				49804CFC1AFE58B4003B7CB0 /* ContainersListViewController.m */,
				49804CFD1AFE58B4003B7CB0 /* ContainersListViewController.xib */,
			);
			name = Views;
			sourceTree = "<group>";
		};
		492A802D1AF3FD560078F481 /* WebServices */ = {
			isa = PBXGroup;
			children = (
				492A80311AF401F40078F481 /* Connexion.h */,
				492A80321AF401F40078F481 /* Connexion.m */,
				49F57B281AF9257C00228AAC /* WSErrand.h */,
				49F57B291AF9257C00228AAC /* WSErrand.m */,
				498461191AF8F10B00AB7AE9 /* WebService.h */,
				4984611A1AF8F10B00AB7AE9 /* WebService.m */,
			);
			name = WebServices;
			sourceTree = "<group>";
		};
		4940996D1AAF69B1006FA051 /* Classes */ = {
			isa = PBXGroup;
			children = (
				4940996E1AAF6B5F006FA051 /* Container.h */,
				4940996F1AAF6B5F006FA051 /* Container.m */,
				492A1D791AAF9B420038CF18 /* Alert.h */,
				492A1D7A1AAF9B420038CF18 /* Alert.m */,
				4925A92D1AB07F9F00E98D66 /* Errand.h */,
				4925A92E1AB07F9F00E98D66 /* Errand.m */,
				494C77BD1AB18BBE00194A63 /* Steed.h */,
				494C77BE1AB18BBE00194A63 /* Steed.m */,
			);
			name = Classes;
			sourceTree = "<group>";
		};
		4953D0891AF414FC00BC1AFA /* Images */ = {
			isa = PBXGroup;
			children = (
				4953D09C1AF41F8500BC1AFA /* icon_1-1.png */,
				4953D09D1AF41F8500BC1AFA /* icon_2-1.png */,
				4953D09E1AF41F8500BC1AFA /* icon_3-1.png */,
				4953D08A1AF4152500BC1AFA /* logo.png */,
				4953D08D1AF4152500BC1AFA /* textFieldFocused.png */,
				4953D08E1AF4152500BC1AFA /* textFieldUnfocused.png */,
			);
			name = Images;
			sourceTree = "<group>";
		};
		4991A9F31AAE5D7D0093C54E = {
			isa = PBXGroup;
			children = (
				4991A9FE1AAE5D7D0093C54E /* Inovea */,
				4991AA181AAE5D7D0093C54E /* InoveaTests */,
				4991A9FD1AAE5D7D0093C54E /* Products */,
			);
			sourceTree = "<group>";
		};
		4991A9FD1AAE5D7D0093C54E /* Products */ = {
			isa = PBXGroup;
			children = (
				4991A9FC1AAE5D7D0093C54E /* Inovea.app */,
				4991AA151AAE5D7D0093C54E /* InoveaTests.xctest */,
			);
			name = Products;
			sourceTree = "<group>";
		};
		4991A9FE1AAE5D7D0093C54E /* Inovea */ = {
			isa = PBXGroup;
			children = (
				4953D0891AF414FC00BC1AFA /* Images */,
				492A802D1AF3FD560078F481 /* WebServices */,
				492A7FF61AF3FC820078F481 /* Views */,
				4940996D1AAF69B1006FA051 /* Classes */,
				4991AA0C1AAE5D7D0093C54E /* Images.xcassets */,
				4991AA0E1AAE5D7D0093C54E /* LaunchScreen.xib */,
				4991A9FF1AAE5D7D0093C54E /* Supporting Files */,
			);
			path = Inovea;
			sourceTree = "<group>";
		};
		4991A9FF1AAE5D7D0093C54E /* Supporting Files */ = {
			isa = PBXGroup;
			children = (
				4991AA001AAE5D7D0093C54E /* Info.plist */,
				4991AA011AAE5D7D0093C54E /* main.m */,
			);
			name = "Supporting Files";
			sourceTree = "<group>";
		};
		4991AA181AAE5D7D0093C54E /* InoveaTests */ = {
			isa = PBXGroup;
			children = (
				4991AA1B1AAE5D7D0093C54E /* InoveaTests.m */,
				4991AA191AAE5D7D0093C54E /* Supporting Files */,
			);
			path = InoveaTests;
			sourceTree = "<group>";
		};
		4991AA191AAE5D7D0093C54E /* Supporting Files */ = {
			isa = PBXGroup;
			children = (
				4991AA1A1AAE5D7D0093C54E /* Info.plist */,
			);
			name = "Supporting Files";
			sourceTree = "<group>";
		};
/* End PBXGroup section */

/* Begin PBXNativeTarget section */
		4991A9FB1AAE5D7D0093C54E /* Inovea */ = {
			isa = PBXNativeTarget;
			buildConfigurationList = 4991AA1F1AAE5D7D0093C54E /* Build configuration list for PBXNativeTarget "Inovea" */;
			buildPhases = (
				4991A9F81AAE5D7D0093C54E /* Sources */,
				4991A9F91AAE5D7D0093C54E /* Frameworks */,
				4991A9FA1AAE5D7D0093C54E /* Resources */,
			);
			buildRules = (
			);
			dependencies = (
			);
			name = Inovea;
			productName = Inovea;
			productReference = 4991A9FC1AAE5D7D0093C54E /* Inovea.app */;
			productType = "com.apple.product-type.application";
		};
		4991AA141AAE5D7D0093C54E /* InoveaTests */ = {
			isa = PBXNativeTarget;
			buildConfigurationList = 4991AA221AAE5D7D0093C54E /* Build configuration list for PBXNativeTarget "InoveaTests" */;
			buildPhases = (
				4991AA111AAE5D7D0093C54E /* Sources */,
				4991AA121AAE5D7D0093C54E /* Frameworks */,
				4991AA131AAE5D7D0093C54E /* Resources */,
			);
			buildRules = (
			);
			dependencies = (
				4991AA171AAE5D7D0093C54E /* PBXTargetDependency */,
			);
			name = InoveaTests;
			productName = InoveaTests;
			productReference = 4991AA151AAE5D7D0093C54E /* InoveaTests.xctest */;
			productType = "com.apple.product-type.bundle.unit-test";
		};
/* End PBXNativeTarget section */

/* Begin PBXProject section */
		4991A9F41AAE5D7D0093C54E /* Project object */ = {
			isa = PBXProject;
			attributes = {
				LastUpgradeCheck = 0610;
				ORGANIZATIONNAME = Inovea;
				TargetAttributes = {
					4991A9FB1AAE5D7D0093C54E = {
						CreatedOnToolsVersion = 6.1.1;
					};
					4991AA141AAE5D7D0093C54E = {
						CreatedOnToolsVersion = 6.1.1;
						TestTargetID = 4991A9FB1AAE5D7D0093C54E;
					};
				};
			};
			buildConfigurationList = 4991A9F71AAE5D7D0093C54E /* Build configuration list for PBXProject "Inovea" */;
			compatibilityVersion = "Xcode 3.2";
			developmentRegion = English;
			hasScannedForEncodings = 0;
			knownRegions = (
				en,
				Base,
			);
			mainGroup = 4991A9F31AAE5D7D0093C54E;
			productRefGroup = 4991A9FD1AAE5D7D0093C54E /* Products */;
			projectDirPath = "";
			projectRoot = "";
			targets = (
				4991A9FB1AAE5D7D0093C54E /* Inovea */,
				4991AA141AAE5D7D0093C54E /* InoveaTests */,
			);
		};
/* End PBXProject section */

/* Begin PBXResourcesBuildPhase section */
		4991A9FA1AAE5D7D0093C54E /* Resources */ = {
			isa = PBXResourcesBuildPhase;
			buildActionMask = 2147483647;
			files = (
				492A801B1AF3FC940078F481 /* TrajetsFinisViewController.xib in Resources */,
				492A80191AF3FC940078F481 /* TrajetsAttenteViewController.xib in Resources */,
				4953D0941AF4152500BC1AFA /* textFieldUnfocused.png in Resources */,
				4953D0901AF4152500BC1AFA /* logo.png in Resources */,
				49804CFF1AFE58B4003B7CB0 /* ContainersListViewController.xib in Resources */,
				49804CFA1AFE1A6A003B7CB0 /* DetailsViewController.xib in Resources */,
				49A583B91AF64387001E8C72 /* ChangePasswordViewController.xib in Resources */,
				4953D0931AF4152500BC1AFA /* textFieldFocused.png in Resources */,
				4953D09F1AF41F8500BC1AFA /* icon_1-1.png in Resources */,
				492A80121AF3FC940078F481 /* LostPasswordViewController.xib in Resources */,
				492A80171AF3FC940078F481 /* ParametersViewController.xib in Resources */,
				4991AA101AAE5D7D0093C54E /* LaunchScreen.xib in Resources */,
				4991AA0D1AAE5D7D0093C54E /* Images.xcassets in Resources */,
				4953D0A11AF41F8500BC1AFA /* icon_3-1.png in Resources */,
				4953D0A01AF41F8500BC1AFA /* icon_2-1.png in Resources */,
				492A80151AF3FC940078F481 /* MenuViewController.xib in Resources */,
				492A800F1AF3FC940078F481 /* HomeViewController.xib in Resources */,
			);
			runOnlyForDeploymentPostprocessing = 0;
		};
		4991AA131AAE5D7D0093C54E /* Resources */ = {
			isa = PBXResourcesBuildPhase;
			buildActionMask = 2147483647;
			files = (
			);
			runOnlyForDeploymentPostprocessing = 0;
		};
/* End PBXResourcesBuildPhase section */

/* Begin PBXSourcesBuildPhase section */
		4991A9F81AAE5D7D0093C54E /* Sources */ = {
			isa = PBXSourcesBuildPhase;
			buildActionMask = 2147483647;
			files = (
				494099701AAF6B5F006FA051 /* Container.m in Sources */,
				492A80331AF401F40078F481 /* Connexion.m in Sources */,
				4925A92F1AB07F9F00E98D66 /* Errand.m in Sources */,
				492A801A1AF3FC940078F481 /* TrajetsFinisViewController.m in Sources */,
				494C77BF1AB18BBE00194A63 /* Steed.m in Sources */,
				49A583B81AF64387001E8C72 /* ChangePasswordViewController.m in Sources */,
				492A1D7B1AAF9B420038CF18 /* Alert.m in Sources */,
				492A80181AF3FC940078F481 /* TrajetsAttenteViewController.m in Sources */,
				4991AA021AAE5D7D0093C54E /* main.m in Sources */,
				492A80111AF3FC940078F481 /* LostPasswordViewController.m in Sources */,
				49804CF91AFE1A6A003B7CB0 /* DetailsViewController.m in Sources */,
				492A80161AF3FC940078F481 /* ParametersViewController.m in Sources */,
				49F57B2A1AF9257C00228AAC /* WSErrand.m in Sources */,
				492A800D1AF3FC940078F481 /* AppDelegate.m in Sources */,
				4984611B1AF8F10B00AB7AE9 /* WebService.m in Sources */,
				492A80141AF3FC940078F481 /* MenuViewController.m in Sources */,
				49804CFE1AFE58B4003B7CB0 /* ContainersListViewController.m in Sources */,
				492A800E1AF3FC940078F481 /* HomeViewController.m in Sources */,
			);
			runOnlyForDeploymentPostprocessing = 0;
		};
		4991AA111AAE5D7D0093C54E /* Sources */ = {
			isa = PBXSourcesBuildPhase;
			buildActionMask = 2147483647;
			files = (
				4991AA1C1AAE5D7D0093C54E /* InoveaTests.m in Sources */,
			);
			runOnlyForDeploymentPostprocessing = 0;
		};
/* End PBXSourcesBuildPhase section */

/* Begin PBXTargetDependency section */
		4991AA171AAE5D7D0093C54E /* PBXTargetDependency */ = {
			isa = PBXTargetDependency;
			target = 4991A9FB1AAE5D7D0093C54E /* Inovea */;
			targetProxy = 4991AA161AAE5D7D0093C54E /* PBXContainerItemProxy */;
		};
/* End PBXTargetDependency section */

/* Begin PBXVariantGroup section */
		4991AA0E1AAE5D7D0093C54E /* LaunchScreen.xib */ = {
			isa = PBXVariantGroup;
			children = (
				4991AA0F1AAE5D7D0093C54E /* Base */,
			);
			name = LaunchScreen.xib;
			sourceTree = "<group>";
		};
/* End PBXVariantGroup section */

/* Begin XCBuildConfiguration section */
		4991AA1D1AAE5D7D0093C54E /* Debug */ = {
			isa = XCBuildConfiguration;
			buildSettings = {
				ALWAYS_SEARCH_USER_PATHS = NO;
				CLANG_CXX_LANGUAGE_STANDARD = "gnu++0x";
				CLANG_CXX_LIBRARY = "libc++";
				CLANG_ENABLE_MODULES = YES;
				CLANG_ENABLE_OBJC_ARC = YES;
				CLANG_WARN_BOOL_CONVERSION = YES;
				CLANG_WARN_CONSTANT_CONVERSION = YES;
				CLANG_WARN_DIRECT_OBJC_ISA_USAGE = YES_ERROR;
				CLANG_WARN_EMPTY_BODY = YES;
				CLANG_WARN_ENUM_CONVERSION = YES;
				CLANG_WARN_INT_CONVERSION = YES;
				CLANG_WARN_OBJC_ROOT_CLASS = YES_ERROR;
				CLANG_WARN_UNREACHABLE_CODE = YES;
				CLANG_WARN__DUPLICATE_METHOD_MATCH = YES;
				"CODE_SIGN_IDENTITY[sdk=iphoneos*]" = "iPhone Developer";
				COPY_PHASE_STRIP = NO;
				ENABLE_STRICT_OBJC_MSGSEND = YES;
				GCC_C_LANGUAGE_STANDARD = gnu99;
				GCC_DYNAMIC_NO_PIC = NO;
				GCC_OPTIMIZATION_LEVEL = 0;
				GCC_PREPROCESSOR_DEFINITIONS = (
					"DEBUG=1",
					"$(inherited)",
				);
				GCC_SYMBOLS_PRIVATE_EXTERN = NO;
				GCC_WARN_64_TO_32_BIT_CONVERSION = YES;
				GCC_WARN_ABOUT_RETURN_TYPE = YES_ERROR;
				GCC_WARN_UNDECLARED_SELECTOR = YES;
				GCC_WARN_UNINITIALIZED_AUTOS = YES_AGGRESSIVE;
				GCC_WARN_UNUSED_FUNCTION = YES;
				GCC_WARN_UNUSED_VARIABLE = YES;
				IPHONEOS_DEPLOYMENT_TARGET = 8.1;
				MTL_ENABLE_DEBUG_INFO = YES;
				ONLY_ACTIVE_ARCH = YES;
				SDKROOT = iphoneos;
				TARGETED_DEVICE_FAMILY = "1,2";
			};
			name = Debug;
		};
		4991AA1E1AAE5D7D0093C54E /* Release */ = {
			isa = XCBuildConfiguration;
			buildSettings = {
				ALWAYS_SEARCH_USER_PATHS = NO;
				CLANG_CXX_LANGUAGE_STANDARD = "gnu++0x";
				CLANG_CXX_LIBRARY = "libc++";
				CLANG_ENABLE_MODULES = YES;
				CLANG_ENABLE_OBJC_ARC = YES;
				CLANG_WARN_BOOL_CONVERSION = YES;
				CLANG_WARN_CONSTANT_CONVERSION = YES;
				CLANG_WARN_DIRECT_OBJC_ISA_USAGE = YES_ERROR;
				CLANG_WARN_EMPTY_BODY = YES;
				CLANG_WARN_ENUM_CONVERSION = YES;
				CLANG_WARN_INT_CONVERSION = YES;
				CLANG_WARN_OBJC_ROOT_CLASS = YES_ERROR;
				CLANG_WARN_UNREACHABLE_CODE = YES;
				CLANG_WARN__DUPLICATE_METHOD_MATCH = YES;
				"CODE_SIGN_IDENTITY[sdk=iphoneos*]" = "iPhone Developer";
				COPY_PHASE_STRIP = YES;
				ENABLE_NS_ASSERTIONS = NO;
				ENABLE_STRICT_OBJC_MSGSEND = YES;
				GCC_C_LANGUAGE_STANDARD = gnu99;
				GCC_WARN_64_TO_32_BIT_CONVERSION = YES;
				GCC_WARN_ABOUT_RETURN_TYPE = YES_ERROR;
				GCC_WARN_UNDECLARED_SELECTOR = YES;
				GCC_WARN_UNINITIALIZED_AUTOS = YES_AGGRESSIVE;
				GCC_WARN_UNUSED_FUNCTION = YES;
				GCC_WARN_UNUSED_VARIABLE = YES;
				IPHONEOS_DEPLOYMENT_TARGET = 8.1;
				MTL_ENABLE_DEBUG_INFO = NO;
				SDKROOT = iphoneos;
				TARGETED_DEVICE_FAMILY = "1,2";
				VALIDATE_PRODUCT = YES;
			};
			name = Release;
		};
		4991AA201AAE5D7D0093C54E /* Debug */ = {
			isa = XCBuildConfiguration;
			buildSettings = {
				ASSETCATALOG_COMPILER_APPICON_NAME = AppIcon;
				INFOPLIST_FILE = Inovea/Info.plist;
				LD_RUNPATH_SEARCH_PATHS = "$(inherited) @executable_path/Frameworks";
				PRODUCT_NAME = "$(TARGET_NAME)";
			};
			name = Debug;
		};
		4991AA211AAE5D7D0093C54E /* Release */ = {
			isa = XCBuildConfiguration;
			buildSettings = {
				ASSETCATALOG_COMPILER_APPICON_NAME = AppIcon;
				INFOPLIST_FILE = Inovea/Info.plist;
				LD_RUNPATH_SEARCH_PATHS = "$(inherited) @executable_path/Frameworks";
				PRODUCT_NAME = "$(TARGET_NAME)";
			};
			name = Release;
		};
		4991AA231AAE5D7D0093C54E /* Debug */ = {
			isa = XCBuildConfiguration;
			buildSettings = {
				BUNDLE_LOADER = "$(TEST_HOST)";
				FRAMEWORK_SEARCH_PATHS = (
					"$(SDKROOT)/Developer/Library/Frameworks",
					"$(inherited)",
				);
				GCC_PREPROCESSOR_DEFINITIONS = (
					"DEBUG=1",
					"$(inherited)",
				);
				INFOPLIST_FILE = InoveaTests/Info.plist;
				LD_RUNPATH_SEARCH_PATHS = "$(inherited) @executable_path/Frameworks @loader_path/Frameworks";
				PRODUCT_NAME = "$(TARGET_NAME)";
				TEST_HOST = "$(BUILT_PRODUCTS_DIR)/Inovea.app/Inovea";
			};
			name = Debug;
		};
		4991AA241AAE5D7D0093C54E /* Release */ = {
			isa = XCBuildConfiguration;
			buildSettings = {
				BUNDLE_LOADER = "$(TEST_HOST)";
				FRAMEWORK_SEARCH_PATHS = (
					"$(SDKROOT)/Developer/Library/Frameworks",
					"$(inherited)",
				);
				INFOPLIST_FILE = InoveaTests/Info.plist;
				LD_RUNPATH_SEARCH_PATHS = "$(inherited) @executable_path/Frameworks @loader_path/Frameworks";
				PRODUCT_NAME = "$(TARGET_NAME)";
				TEST_HOST = "$(BUILT_PRODUCTS_DIR)/Inovea.app/Inovea";
			};
			name = Release;
		};
/* End XCBuildConfiguration section */

/* Begin XCConfigurationList section */
		4991A9F71AAE5D7D0093C54E /* Build configuration list for PBXProject "Inovea" */ = {
			isa = XCConfigurationList;
			buildConfigurations = (
				4991AA1D1AAE5D7D0093C54E /* Debug */,
				4991AA1E1AAE5D7D0093C54E /* Release */,
			);
			defaultConfigurationIsVisible = 0;
			defaultConfigurationName = Release;
		};
		4991AA1F1AAE5D7D0093C54E /* Build configuration list for PBXNativeTarget "Inovea" */ = {
			isa = XCConfigurationList;
			buildConfigurations = (
				4991AA201AAE5D7D0093C54E /* Debug */,
				4991AA211AAE5D7D0093C54E /* Release */,
			);
			defaultConfigurationIsVisible = 0;
			defaultConfigurationName = Release;
		};
		4991AA221AAE5D7D0093C54E /* Build configuration list for PBXNativeTarget "InoveaTests" */ = {
			isa = XCConfigurationList;
			buildConfigurations = (
				4991AA231AAE5D7D0093C54E /* Debug */,
				4991AA241AAE5D7D0093C54E /* Release */,
			);
			defaultConfigurationIsVisible = 0;
			defaultConfigurationName = Release;
		};
/* End XCConfigurationList section */
	};
	rootObject = 4991A9F41AAE5D7D0093C54E /* Project object */;
}
